
Microsoft Visual Studio Solution File, Format Version 12.00
Project("{FAE04EC0-301F-11D3-BF4B-00C04F79EFBC}") = "Day01", "Day01\Day01.csproj", "{48FCF83F-39FB-4387-8E58-70F394E16608}"
EndProject
Project("{FAE04EC0-301F-11D3-BF4B-00C04F79EFBC}") = "Day01.Tests", "Day01.Tests\Day01.Tests.csproj", "{89F52E56-BB90-4932-B610-6FF023D9DDDC}"
EndProject
Project("{FAE04EC0-301F-11D3-BF4B-00C04F79EFBC}") = "Day02", "Day02\Day02.csproj", "{DAC5CA69-4F80-4B1F-8F77-360BA084F257}"
EndProject
Project("{FAE04EC0-301F-11D3-BF4B-00C04F79EFBC}") = "Day02.Tests", "Day02.Tests\Day02.Tests.csproj", "{C4475FD3-13E1-44AC-A30E-D8E7596DD50A}"
EndProject
Project("{FAE04EC0-301F-11D3-BF4B-00C04F79EFBC}") = "Day03", "Day03\Day03.csproj", "{CFEE086C-44B2-41AB-B5B5-0324B71D2C58}"
EndProject
Project("{FAE04EC0-301F-11D3-BF4B-00C04F79EFBC}") = "Day03.Tests", "Day03.Tests\Day03.Tests.csproj", "{708C4C6F-445B-4586-A66C-123672489CF7}"
EndProject
Project("{FAE04EC0-301F-11D3-BF4B-00C04F79EFBC}") = "Day04.Tests", "Day04.Tests\Day04.Tests.csproj", "{5C1BA26C-521B-4E44-A135-72A76A80A687}"
EndProject
Project("{FAE04EC0-301F-11D3-BF4B-00C04F79EFBC}") = "Day04", "Day04\Day04.csproj", "{824974D4-E64C-4B42-8A38-7F66D12E4F7F}"
EndProject
Project("{FAE04EC0-301F-11D3-BF4B-00C04F79EFBC}") = "Day05", "Day05\Day05.csproj", "{BA839471-BFB6-4F79-8C49-F9231CE5AE7A}"
EndProject
Project("{FAE04EC0-301F-11D3-BF4B-00C04F79EFBC}") = "Day06", "Day06\Day06.csproj", "{344DC147-0B24-4EF3-AEE2-5D5C8E5983A3}"
EndProject
Project("{FAE04EC0-301F-11D3-BF4B-00C04F79EFBC}") = "Day07", "Day07\Day07.csproj", "{D3486AEC-A70E-42DA-AE31-DAAAA9772320}"
EndProject
Project("{FAE04EC0-301F-11D3-BF4B-00C04F79EFBC}") = "Day08", "Day08\Day08.csproj", "{333A73FD-3585-4084-A08E-5BB2F85ABE47}"
EndProject
Project("{FAE04EC0-301F-11D3-BF4B-00C04F79EFBC}") = "Day05.Tests", "Day05.Tests\Day05.Tests.csproj", "{E671A0B2-4731-4525-B721-0505D9896947}"
EndProject
Project("{FAE04EC0-301F-11D3-BF4B-00C04F79EFBC}") = "Day06.Tests", "Day06.Tests\Day06.Tests.csproj", "{78AF0A1A-9374-4AB2-83F2-F0E05CE98F6E}"
EndProject
Project("{FAE04EC0-301F-11D3-BF4B-00C04F79EFBC}") = "Day07.Tests", "Day07.Tests\Day07.Tests.csproj", "{221D321D-152D-494D-945A-3E359D8C8857}"
EndProject
Project("{FAE04EC0-301F-11D3-BF4B-00C04F79EFBC}") = "Day08.Tests", "Day08.Tests\Day08.Tests.csproj", "{14DB811F-22EE-43A3-B734-ADAF9F28DF53}"
EndProject
Global
	GlobalSection(SolutionConfigurationPlatforms) = preSolution
		Debug|Any CPU = Debug|Any CPU
		Release|Any CPU = Release|Any CPU
	EndGlobalSection
	GlobalSection(ProjectConfigurationPlatforms) = postSolution
		{48FCF83F-39FB-4387-8E58-70F394E16608}.Debug|Any CPU.ActiveCfg = Debug|Any CPU
		{48FCF83F-39FB-4387-8E58-70F394E16608}.Debug|Any CPU.Build.0 = Debug|Any CPU
		{48FCF83F-39FB-4387-8E58-70F394E16608}.Release|Any CPU.ActiveCfg = Release|Any CPU
		{48FCF83F-39FB-4387-8E58-70F394E16608}.Release|Any CPU.Build.0 = Release|Any CPU
		{89F52E56-BB90-4932-B610-6FF023D9DDDC}.Debug|Any CPU.ActiveCfg = Debug|Any CPU
		{89F52E56-BB90-4932-B610-6FF023D9DDDC}.Debug|Any CPU.Build.0 = Debug|Any CPU
		{89F52E56-BB90-4932-B610-6FF023D9DDDC}.Release|Any CPU.ActiveCfg = Release|Any CPU
		{89F52E56-BB90-4932-B610-6FF023D9DDDC}.Release|Any CPU.Build.0 = Release|Any CPU
		{DAC5CA69-4F80-4B1F-8F77-360BA084F257}.Debug|Any CPU.ActiveCfg = Debug|Any CPU
		{DAC5CA69-4F80-4B1F-8F77-360BA084F257}.Debug|Any CPU.Build.0 = Debug|Any CPU
		{DAC5CA69-4F80-4B1F-8F77-360BA084F257}.Release|Any CPU.ActiveCfg = Release|Any CPU
		{DAC5CA69-4F80-4B1F-8F77-360BA084F257}.Release|Any CPU.Build.0 = Release|Any CPU
		{C4475FD3-13E1-44AC-A30E-D8E7596DD50A}.Debug|Any CPU.ActiveCfg = Debug|Any CPU
		{C4475FD3-13E1-44AC-A30E-D8E7596DD50A}.Debug|Any CPU.Build.0 = Debug|Any CPU
		{C4475FD3-13E1-44AC-A30E-D8E7596DD50A}.Release|Any CPU.ActiveCfg = Release|Any CPU
		{C4475FD3-13E1-44AC-A30E-D8E7596DD50A}.Release|Any CPU.Build.0 = Release|Any CPU
		{CFEE086C-44B2-41AB-B5B5-0324B71D2C58}.Debug|Any CPU.ActiveCfg = Debug|Any CPU
		{CFEE086C-44B2-41AB-B5B5-0324B71D2C58}.Debug|Any CPU.Build.0 = Debug|Any CPU
		{CFEE086C-44B2-41AB-B5B5-0324B71D2C58}.Release|Any CPU.ActiveCfg = Release|Any CPU
		{CFEE086C-44B2-41AB-B5B5-0324B71D2C58}.Release|Any CPU.Build.0 = Release|Any CPU
		{708C4C6F-445B-4586-A66C-123672489CF7}.Debug|Any CPU.ActiveCfg = Debug|Any CPU
		{708C4C6F-445B-4586-A66C-123672489CF7}.Debug|Any CPU.Build.0 = Debug|Any CPU
		{708C4C6F-445B-4586-A66C-123672489CF7}.Release|Any CPU.ActiveCfg = Release|Any CPU
		{708C4C6F-445B-4586-A66C-123672489CF7}.Release|Any CPU.Build.0 = Release|Any CPU
		{5C1BA26C-521B-4E44-A135-72A76A80A687}.Debug|Any CPU.ActiveCfg = Debug|Any CPU
		{5C1BA26C-521B-4E44-A135-72A76A80A687}.Debug|Any CPU.Build.0 = Debug|Any CPU
		{5C1BA26C-521B-4E44-A135-72A76A80A687}.Release|Any CPU.ActiveCfg = Release|Any CPU
		{5C1BA26C-521B-4E44-A135-72A76A80A687}.Release|Any CPU.Build.0 = Release|Any CPU
		{824974D4-E64C-4B42-8A38-7F66D12E4F7F}.Debug|Any CPU.ActiveCfg = Debug|Any CPU
		{824974D4-E64C-4B42-8A38-7F66D12E4F7F}.Debug|Any CPU.Build.0 = Debug|Any CPU
		{824974D4-E64C-4B42-8A38-7F66D12E4F7F}.Release|Any CPU.ActiveCfg = Release|Any CPU
		{824974D4-E64C-4B42-8A38-7F66D12E4F7F}.Release|Any CPU.Build.0 = Release|Any CPU
		{BA839471-BFB6-4F79-8C49-F9231CE5AE7A}.Debug|Any CPU.ActiveCfg = Debug|Any CPU
		{BA839471-BFB6-4F79-8C49-F9231CE5AE7A}.Debug|Any CPU.Build.0 = Debug|Any CPU
		{BA839471-BFB6-4F79-8C49-F9231CE5AE7A}.Release|Any CPU.ActiveCfg = Release|Any CPU
		{BA839471-BFB6-4F79-8C49-F9231CE5AE7A}.Release|Any CPU.Build.0 = Release|Any CPU
		{344DC147-0B24-4EF3-AEE2-5D5C8E5983A3}.Debug|Any CPU.ActiveCfg = Debug|Any CPU
		{344DC147-0B24-4EF3-AEE2-5D5C8E5983A3}.Debug|Any CPU.Build.0 = Debug|Any CPU
		{344DC147-0B24-4EF3-AEE2-5D5C8E5983A3}.Release|Any CPU.ActiveCfg = Release|Any CPU
		{344DC147-0B24-4EF3-AEE2-5D5C8E5983A3}.Release|Any CPU.Build.0 = Release|Any CPU
		{D3486AEC-A70E-42DA-AE31-DAAAA9772320}.Debug|Any CPU.ActiveCfg = Debug|Any CPU
		{D3486AEC-A70E-42DA-AE31-DAAAA9772320}.Debug|Any CPU.Build.0 = Debug|Any CPU
		{D3486AEC-A70E-42DA-AE31-DAAAA9772320}.Release|Any CPU.ActiveCfg = Release|Any CPU
		{D3486AEC-A70E-42DA-AE31-DAAAA9772320}.Release|Any CPU.Build.0 = Release|Any CPU
		{333A73FD-3585-4084-A08E-5BB2F85ABE47}.Debug|Any CPU.ActiveCfg = Debug|Any CPU
		{333A73FD-3585-4084-A08E-5BB2F85ABE47}.Debug|Any CPU.Build.0 = Debug|Any CPU
		{333A73FD-3585-4084-A08E-5BB2F85ABE47}.Release|Any CPU.ActiveCfg = Release|Any CPU
		{333A73FD-3585-4084-A08E-5BB2F85ABE47}.Release|Any CPU.Build.0 = Release|Any CPU
		{E671A0B2-4731-4525-B721-0505D9896947}.Debug|Any CPU.ActiveCfg = Debug|Any CPU
		{E671A0B2-4731-4525-B721-0505D9896947}.Debug|Any CPU.Build.0 = Debug|Any CPU
		{E671A0B2-4731-4525-B721-0505D9896947}.Release|Any CPU.ActiveCfg = Release|Any CPU
		{E671A0B2-4731-4525-B721-0505D9896947}.Release|Any CPU.Build.0 = Release|Any CPU
		{78AF0A1A-9374-4AB2-83F2-F0E05CE98F6E}.Debug|Any CPU.ActiveCfg = Debug|Any CPU
		{78AF0A1A-9374-4AB2-83F2-F0E05CE98F6E}.Debug|Any CPU.Build.0 = Debug|Any CPU
		{78AF0A1A-9374-4AB2-83F2-F0E05CE98F6E}.Release|Any CPU.ActiveCfg = Release|Any CPU
		{78AF0A1A-9374-4AB2-83F2-F0E05CE98F6E}.Release|Any CPU.Build.0 = Release|Any CPU
		{221D321D-152D-494D-945A-3E359D8C8857}.Debug|Any CPU.ActiveCfg = Debug|Any CPU
		{221D321D-152D-494D-945A-3E359D8C8857}.Debug|Any CPU.Build.0 = Debug|Any CPU
		{221D321D-152D-494D-945A-3E359D8C8857}.Release|Any CPU.ActiveCfg = Release|Any CPU
		{221D321D-152D-494D-945A-3E359D8C8857}.Release|Any CPU.Build.0 = Release|Any CPU
		{14DB811F-22EE-43A3-B734-ADAF9F28DF53}.Debug|Any CPU.ActiveCfg = Debug|Any CPU
		{14DB811F-22EE-43A3-B734-ADAF9F28DF53}.Debug|Any CPU.Build.0 = Debug|Any CPU
		{14DB811F-22EE-43A3-B734-ADAF9F28DF53}.Release|Any CPU.ActiveCfg = Release|Any CPU
		{14DB811F-22EE-43A3-B734-ADAF9F28DF53}.Release|Any CPU.Build.0 = Release|Any CPU
	EndGlobalSection
EndGlobal
