
Microsoft Visual Studio Solution File, Format Version 12.00
Project("{FAE04EC0-301F-11D3-BF4B-00C04F79EFBC}") = "Day01", "Day01\Day01.csproj", "{48FCF83F-39FB-4387-8E58-70F394E16608}"
EndProject
Project("{FAE04EC0-301F-11D3-BF4B-00C04F79EFBC}") = "Day01.Tests", "Day01.Tests\Day01.Tests.csproj", "{89F52E56-BB90-4932-B610-6FF023D9DDDC}"
EndProject
Project("{FAE04EC0-301F-11D3-BF4B-00C04F79EFBC}") = "Day02", "Day02\Day02.csproj", "{DAC5CA69-4F80-4B1F-8F77-360BA084F257}"
EndProject
Project("{FAE04EC0-301F-11D3-BF4B-00C04F79EFBC}") = "Day02.Tests", "Day02.Tests\Day02.Tests.csproj", "{C4475FD3-13E1-44AC-A30E-D8E7596DD50A}"
EndProject
Project("{FAE04EC0-301F-11D3-BF4B-00C04F79EFBC}") = "Day03", "Day03\Day03.csproj", "{CFEE086C-44B2-41AB-B5B5-0324B71D2C58}"
EndProject
Project("{FAE04EC0-301F-11D3-BF4B-00C04F79EFBC}") = "Day03.Tests", "Day03.Tests\Day03.Tests.csproj", "{708C4C6F-445B-4586-A66C-123672489CF7}"
EndProject
Project("{FAE04EC0-301F-11D3-BF4B-00C04F79EFBC}") = "Day04.Tests", "Day04.Tests\Day04.Tests.csproj", "{5C1BA26C-521B-4E44-A135-72A76A80A687}"
EndProject
Project("{FAE04EC0-301F-11D3-BF4B-00C04F79EFBC}") = "Day04", "Day04\Day04.csproj", "{824974D4-E64C-4B42-8A38-7F66D12E4F7F}"
EndProject
Global
	GlobalSection(SolutionConfigurationPlatforms) = preSolution
		Debug|Any CPU = Debug|Any CPU
		Release|Any CPU = Release|Any CPU
	EndGlobalSection
	GlobalSection(ProjectConfigurationPlatforms) = postSolution
		{48FCF83F-39FB-4387-8E58-70F394E16608}.Debug|Any CPU.ActiveCfg = Debug|Any CPU
		{48FCF83F-39FB-4387-8E58-70F394E16608}.Debug|Any CPU.Build.0 = Debug|Any CPU
		{48FCF83F-39FB-4387-8E58-70F394E16608}.Release|Any CPU.ActiveCfg = Release|Any CPU
		{48FCF83F-39FB-4387-8E58-70F394E16608}.Release|Any CPU.Build.0 = Release|Any CPU
		{89F52E56-BB90-4932-B610-6FF023D9DDDC}.Debug|Any CPU.ActiveCfg = Debug|Any CPU
		{89F52E56-BB90-4932-B610-6FF023D9DDDC}.Debug|Any CPU.Build.0 = Debug|Any CPU
		{89F52E56-BB90-4932-B610-6FF023D9DDDC}.Release|Any CPU.ActiveCfg = Release|Any CPU
		{89F52E56-BB90-4932-B610-6FF023D9DDDC}.Release|Any CPU.Build.0 = Release|Any CPU
		{DAC5CA69-4F80-4B1F-8F77-360BA084F257}.Debug|Any CPU.ActiveCfg = Debug|Any CPU
		{DAC5CA69-4F80-4B1F-8F77-360BA084F257}.Debug|Any CPU.Build.0 = Debug|Any CPU
		{DAC5CA69-4F80-4B1F-8F77-360BA084F257}.Release|Any CPU.ActiveCfg = Release|Any CPU
		{DAC5CA69-4F80-4B1F-8F77-360BA084F257}.Release|Any CPU.Build.0 = Release|Any CPU
		{C4475FD3-13E1-44AC-A30E-D8E7596DD50A}.Debug|Any CPU.ActiveCfg = Debug|Any CPU
		{C4475FD3-13E1-44AC-A30E-D8E7596DD50A}.Debug|Any CPU.Build.0 = Debug|Any CPU
		{C4475FD3-13E1-44AC-A30E-D8E7596DD50A}.Release|Any CPU.ActiveCfg = Release|Any CPU
		{C4475FD3-13E1-44AC-A30E-D8E7596DD50A}.Release|Any CPU.Build.0 = Release|Any CPU
		{CFEE086C-44B2-41AB-B5B5-0324B71D2C58}.Debug|Any CPU.ActiveCfg = Debug|Any CPU
		{CFEE086C-44B2-41AB-B5B5-0324B71D2C58}.Debug|Any CPU.Build.0 = Debug|Any CPU
		{CFEE086C-44B2-41AB-B5B5-0324B71D2C58}.Release|Any CPU.ActiveCfg = Release|Any CPU
		{CFEE086C-44B2-41AB-B5B5-0324B71D2C58}.Release|Any CPU.Build.0 = Release|Any CPU
		{708C4C6F-445B-4586-A66C-123672489CF7}.Debug|Any CPU.ActiveCfg = Debug|Any CPU
		{708C4C6F-445B-4586-A66C-123672489CF7}.Debug|Any CPU.Build.0 = Debug|Any CPU
		{708C4C6F-445B-4586-A66C-123672489CF7}.Release|Any CPU.ActiveCfg = Release|Any CPU
		{708C4C6F-445B-4586-A66C-123672489CF7}.Release|Any CPU.Build.0 = Release|Any CPU
		{5C1BA26C-521B-4E44-A135-72A76A80A687}.Debug|Any CPU.ActiveCfg = Debug|Any CPU
		{5C1BA26C-521B-4E44-A135-72A76A80A687}.Debug|Any CPU.Build.0 = Debug|Any CPU
		{5C1BA26C-521B-4E44-A135-72A76A80A687}.Release|Any CPU.ActiveCfg = Release|Any CPU
		{5C1BA26C-521B-4E44-A135-72A76A80A687}.Release|Any CPU.Build.0 = Release|Any CPU
		{824974D4-E64C-4B42-8A38-7F66D12E4F7F}.Debug|Any CPU.ActiveCfg = Debug|Any CPU
		{824974D4-E64C-4B42-8A38-7F66D12E4F7F}.Debug|Any CPU.Build.0 = Debug|Any CPU
		{824974D4-E64C-4B42-8A38-7F66D12E4F7F}.Release|Any CPU.ActiveCfg = Release|Any CPU
		{824974D4-E64C-4B42-8A38-7F66D12E4F7F}.Release|Any CPU.Build.0 = Release|Any CPU
	EndGlobalSection
EndGlobal
